
Microsoft Visual Studio Solution File, Format Version 12.00
# Visual Studio Version 17
VisualStudioVersion = 17.6.33815.320
MinimumVisualStudioVersion = 10.0.40219.1
Project("{FAE04EC0-301F-11D3-BF4B-00C04F79EFBC}") = "testConsole", "testConsole\testConsole.csproj", "{7CA51A82-B365-41F9-B7BA-A80A48B3889B}"
EndProject
Global
	GlobalSection(SolutionConfigurationPlatforms) = preSolution
		Debug|Any CPU = Debug|Any CPU
		Release|Any CPU = Release|Any CPU
	EndGlobalSection
	GlobalSection(ProjectConfigurationPlatforms) = postSolution
		{7CA51A82-B365-41F9-B7BA-A80A48B3889B}.Debug|Any CPU.ActiveCfg = Debug|Any CPU
		{7CA51A82-B365-41F9-B7BA-A80A48B3889B}.Debug|Any CPU.Build.0 = Debug|Any CPU
		{7CA51A82-B365-41F9-B7BA-A80A48B3889B}.Release|Any CPU.ActiveCfg = Release|Any CPU
		{7CA51A82-B365-41F9-B7BA-A80A48B3889B}.Release|Any CPU.Build.0 = Release|Any CPU
	EndGlobalSection
	GlobalSection(SolutionProperties) = preSolution
		HideSolutionNode = FALSE
	EndGlobalSection
	GlobalSection(ExtensibilityGlobals) = postSolution
		SolutionGuid = {7E8C465F-C7D8-4590-9DE8-3FFCF403E103}
	EndGlobalSection
EndGlobal
